
Microsoft Visual Studio Solution File, Format Version 12.00
# Visual Studio Version 17
VisualStudioVersion = 17.8.34316.72
MinimumVisualStudioVersion = 10.0.40219.1
Project("{FAE04EC0-301F-11D3-BF4B-00C04F79EFBC}") = "WindowsFormsApp14", "WindowsFormsApp14.csproj", "{412C43F8-7E98-4580-8FDE-844924249D2E}"
EndProject
Global
	GlobalSection(SolutionConfigurationPlatforms) = preSolution
		Debug|Any CPU = Debug|Any CPU
		Release|Any CPU = Release|Any CPU
	EndGlobalSection
	GlobalSection(ProjectConfigurationPlatforms) = postSolution
		{412C43F8-7E98-4580-8FDE-844924249D2E}.Debug|Any CPU.ActiveCfg = Debug|Any CPU
		{412C43F8-7E98-4580-8FDE-844924249D2E}.Debug|Any CPU.Build.0 = Debug|Any CPU
		{412C43F8-7E98-4580-8FDE-844924249D2E}.Release|Any CPU.ActiveCfg = Release|Any CPU
		{412C43F8-7E98-4580-8FDE-844924249D2E}.Release|Any CPU.Build.0 = Release|Any CPU
	EndGlobalSection
	GlobalSection(SolutionProperties) = preSolution
		HideSolutionNode = FALSE
	EndGlobalSection
	GlobalSection(ExtensibilityGlobals) = postSolution
		SolutionGuid = {E019D3A7-2FF9-4BB2-B840-C6E9EEA03FB0}
	EndGlobalSection
EndGlobal
